
Microsoft Visual Studio Solution File, Format Version 12.00
# Visual Studio Version 17
VisualStudioVersion = 17.2.32519.379
MinimumVisualStudioVersion = 10.0.40219.1
Project("{FAE04EC0-301F-11D3-BF4B-00C04F79EFBC}") = "javier-aplicaciones-de-escritorio", "javier-aplicaciones-de-escritorio\javier-aplicaciones-de-escritorio.csproj", "{C28C66A9-CFBD-4B0A-A41D-00AAFA871F7B}"
EndProject
Global
	GlobalSection(SolutionConfigurationPlatforms) = preSolution
		Debug|Any CPU = Debug|Any CPU
		Release|Any CPU = Release|Any CPU
	EndGlobalSection
	GlobalSection(ProjectConfigurationPlatforms) = postSolution
		{C28C66A9-CFBD-4B0A-A41D-00AAFA871F7B}.Debug|Any CPU.ActiveCfg = Debug|Any CPU
		{C28C66A9-CFBD-4B0A-A41D-00AAFA871F7B}.Debug|Any CPU.Build.0 = Debug|Any CPU
		{C28C66A9-CFBD-4B0A-A41D-00AAFA871F7B}.Release|Any CPU.ActiveCfg = Release|Any CPU
		{C28C66A9-CFBD-4B0A-A41D-00AAFA871F7B}.Release|Any CPU.Build.0 = Release|Any CPU
	EndGlobalSection
	GlobalSection(SolutionProperties) = preSolution
		HideSolutionNode = FALSE
	EndGlobalSection
	GlobalSection(ExtensibilityGlobals) = postSolution
		SolutionGuid = {8A661C88-4C43-4292-A835-7705CFBC7FF1}
	EndGlobalSection
EndGlobal
